
Microsoft Visual Studio Solution File, Format Version 12.00
# Visual Studio Version 16
VisualStudioVersion = 16.0.29905.134
MinimumVisualStudioVersion = 10.0.40219.1
Project("{FAE04EC0-301F-11D3-BF4B-00C04F79EFBC}") = "SalesWebMvc", "SalesWebMvc\SalesWebMvc.csproj", "{F38FADEB-49DF-46B1-A689-EDF4A3AEDD29}"
EndProject
Global
	GlobalSection(SolutionConfigurationPlatforms) = preSolution
		Debug|Any CPU = Debug|Any CPU
		Release|Any CPU = Release|Any CPU
	EndGlobalSection
	GlobalSection(ProjectConfigurationPlatforms) = postSolution
		{F38FADEB-49DF-46B1-A689-EDF4A3AEDD29}.Debug|Any CPU.ActiveCfg = Debug|Any CPU
		{F38FADEB-49DF-46B1-A689-EDF4A3AEDD29}.Debug|Any CPU.Build.0 = Debug|Any CPU
		{F38FADEB-49DF-46B1-A689-EDF4A3AEDD29}.Release|Any CPU.ActiveCfg = Release|Any CPU
		{F38FADEB-49DF-46B1-A689-EDF4A3AEDD29}.Release|Any CPU.Build.0 = Release|Any CPU
	EndGlobalSection
	GlobalSection(SolutionProperties) = preSolution
		HideSolutionNode = FALSE
	EndGlobalSection
	GlobalSection(ExtensibilityGlobals) = postSolution
		SolutionGuid = {F403203F-A757-4F49-A38A-F99A89499AF4}
	EndGlobalSection
EndGlobal
